// !$*UTF8*$!
{
	archiveVersion = 1;
	classes = {
	};
	objectVersion = 48;
	objects = {

/* Begin PBXBuildFile section */
		6D668F89209B28A6002F297E /* util.swift in Sources */ = {isa = PBXBuildFile; fileRef = 6D668F88209B28A6002F297E /* util.swift */; };
		6DEDFF0B209AE3C000B3EC8F /* AppDelegate.swift in Sources */ = {isa = PBXBuildFile; fileRef = 6DEDFF0A209AE3C000B3EC8F /* AppDelegate.swift */; };
		6DEDFF0D209AE3C000B3EC8F /* ViewController.swift in Sources */ = {isa = PBXBuildFile; fileRef = 6DEDFF0C209AE3C000B3EC8F /* ViewController.swift */; };
		6DEDFF10209AE3C000B3EC8F /* Main.storyboard in Resources */ = {isa = PBXBuildFile; fileRef = 6DEDFF0E209AE3C000B3EC8F /* Main.storyboard */; };
		6DEDFF12209AE3C000B3EC8F /* Assets.xcassets in Resources */ = {isa = PBXBuildFile; fileRef = 6DEDFF11209AE3C000B3EC8F /* Assets.xcassets */; };
		6DEDFF15209AE3C000B3EC8F /* LaunchScreen.storyboard in Resources */ = {isa = PBXBuildFile; fileRef = 6DEDFF13209AE3C000B3EC8F /* LaunchScreen.storyboard */; };
/* End PBXBuildFile section */

/* Begin PBXFileReference section */
		6D668F88209B28A6002F297E /* util.swift */ = {isa = PBXFileReference; lastKnownFileType = sourcecode.swift; path = util.swift; sourceTree = "<group>"; };
		6DEDFF07209AE3C000B3EC8F /* Lec4.app */ = {isa = PBXFileReference; explicitFileType = wrapper.application; includeInIndex = 0; path = Lec4.app; sourceTree = BUILT_PRODUCTS_DIR; };
		6DEDFF0A209AE3C000B3EC8F /* AppDelegate.swift */ = {isa = PBXFileReference; lastKnownFileType = sourcecode.swift; path = AppDelegate.swift; sourceTree = "<group>"; };
		6DEDFF0C209AE3C000B3EC8F /* ViewController.swift */ = {isa = PBXFileReference; lastKnownFileType = sourcecode.swift; path = ViewController.swift; sourceTree = "<group>"; };
		6DEDFF0F209AE3C000B3EC8F /* Base */ = {isa = PBXFileReference; lastKnownFileType = file.storyboard; name = Base; path = Base.lproj/Main.storyboard; sourceTree = "<group>"; };
		6DEDFF11209AE3C000B3EC8F /* Assets.xcassets */ = {isa = PBXFileReference; lastKnownFileType = folder.assetcatalog; path = Assets.xcassets; sourceTree = "<group>"; };
		6DEDFF14209AE3C000B3EC8F /* Base */ = {isa = PBXFileReference; lastKnownFileType = file.storyboard; name = Base; path = Base.lproj/LaunchScreen.storyboard; sourceTree = "<group>"; };
		6DEDFF16209AE3C000B3EC8F /* Info.plist */ = {isa = PBXFileReference; lastKnownFileType = text.plist.xml; path = Info.plist; sourceTree = "<group>"; };
/* End PBXFileReference section */

/* Begin PBXFrameworksBuildPhase section */
		6DEDFF04209AE3C000B3EC8F /* Frameworks */ = {
			isa = PBXFrameworksBuildPhase;
			buildActionMask = 2147483647;
			files = (
			);
			runOnlyForDeploymentPostprocessing = 0;
		};
/* End PBXFrameworksBuildPhase section */

/* Begin PBXGroup section */
		6DEDFEFE209AE3C000B3EC8F = {
			isa = PBXGroup;
			children = (
				6DEDFF09209AE3C000B3EC8F /* Lec4 */,
				6DEDFF08209AE3C000B3EC8F /* Products */,
			);
			sourceTree = "<group>";
		};
		6DEDFF08209AE3C000B3EC8F /* Products */ = {
			isa = PBXGroup;
			children = (
				6DEDFF07209AE3C000B3EC8F /* Lec4.app */,
			);
			name = Products;
			sourceTree = "<group>";
		};
		6DEDFF09209AE3C000B3EC8F /* Lec4 */ = {
			isa = PBXGroup;
			children = (
				6DEDFF0A209AE3C000B3EC8F /* AppDelegate.swift */,
				6DEDFF0C209AE3C000B3EC8F /* ViewController.swift */,
				6DEDFF0E209AE3C000B3EC8F /* Main.storyboard */,
				6DEDFF11209AE3C000B3EC8F /* Assets.xcassets */,
				6DEDFF13209AE3C000B3EC8F /* LaunchScreen.storyboard */,
				6DEDFF16209AE3C000B3EC8F /* Info.plist */,
				6D668F88209B28A6002F297E /* util.swift */,
			);
			path = Lec4;
			sourceTree = "<group>";
		};
/* End PBXGroup section */

/* Begin PBXNativeTarget section */
		6DEDFF06209AE3C000B3EC8F /* Lec4 */ = {
			isa = PBXNativeTarget;
			buildConfigurationList = 6DEDFF19209AE3C000B3EC8F /* Build configuration list for PBXNativeTarget "Lec4" */;
			buildPhases = (
				6DEDFF03209AE3C000B3EC8F /* Sources */,
				6DEDFF04209AE3C000B3EC8F /* Frameworks */,
				6DEDFF05209AE3C000B3EC8F /* Resources */,
			);
			buildRules = (
			);
			dependencies = (
			);
			name = Lec4;
			productName = Lec4;
			productReference = 6DEDFF07209AE3C000B3EC8F /* Lec4.app */;
			productType = "com.apple.product-type.application";
		};
/* End PBXNativeTarget section */

/* Begin PBXProject section */
		6DEDFEFF209AE3C000B3EC8F /* Project object */ = {
			isa = PBXProject;
			attributes = {
				LastSwiftUpdateCheck = 0920;
				LastUpgradeCheck = 0920;
				ORGANIZATIONNAME = HackerU;
				TargetAttributes = {
					6DEDFF06209AE3C000B3EC8F = {
						CreatedOnToolsVersion = 9.2;
						ProvisioningStyle = Automatic;
					};
				};
			};
			buildConfigurationList = 6DEDFF02209AE3C000B3EC8F /* Build configuration list for PBXProject "Lec4" */;
			compatibilityVersion = "Xcode 8.0";
			developmentRegion = en;
			hasScannedForEncodings = 0;
			knownRegions = (
				en,
				Base,
			);
			mainGroup = 6DEDFEFE209AE3C000B3EC8F;
			productRefGroup = 6DEDFF08209AE3C000B3EC8F /* Products */;
			projectDirPath = "";
			projectRoot = "";
			targets = (
				6DEDFF06209AE3C000B3EC8F /* Lec4 */,
			);
		};
/* End PBXProject section */

/* Begin PBXResourcesBuildPhase section */
		6DEDFF05209AE3C000B3EC8F /* Resources */ = {
			isa = PBXResourcesBuildPhase;
			buildActionMask = 2147483647;
			files = (
				6DEDFF15209AE3C000B3EC8F /* LaunchScreen.storyboard in Resources */,
				6DEDFF12209AE3C000B3EC8F /* Assets.xcassets in Resources */,
				6DEDFF10209AE3C000B3EC8F /* Main.storyboard in Resources */,
			);
			runOnlyForDeploymentPostprocessing = 0;
		};
/* End PBXResourcesBuildPhase section */

/* Begin PBXSourcesBuildPhase section */
		6DEDFF03209AE3C000B3EC8F /* Sources */ = {
			isa = PBXSourcesBuildPhase;
			buildActionMask = 2147483647;
			files = (
				6D668F89209B28A6002F297E /* util.swift in Sources */,
				6DEDFF0D209AE3C000B3EC8F /* ViewController.swift in Sources */,
				6DEDFF0B209AE3C000B3EC8F /* AppDelegate.swift in Sources */,
			);
			runOnlyForDeploymentPostprocessing = 0;
		};
/* End PBXSourcesBuildPhase section */

/* Begin PBXVariantGroup section */
		6DEDFF0E209AE3C000B3EC8F /* Main.storyboard */ = {
			isa = PBXVariantGroup;
			children = (
				6DEDFF0F209AE3C000B3EC8F /* Base */,
			);
			name = Main.storyboard;
			sourceTree = "<group>";
		};
		6DEDFF13209AE3C000B3EC8F /* LaunchScreen.storyboard */ = {
			isa = PBXVariantGroup;
			children = (
				6DEDFF14209AE3C000B3EC8F /* Base */,
			);
			name = LaunchScreen.storyboard;
			sourceTree = "<group>";
		};
/* End PBXVariantGroup section */

/* Begin XCBuildConfiguration section */
		6DEDFF17209AE3C000B3EC8F /* Debug */ = {
			isa = XCBuildConfiguration;
			buildSettings = {
				ALWAYS_SEARCH_USER_PATHS = NO;
				CLANG_ANALYZER_NONNULL = YES;
				CLANG_ANALYZER_NUMBER_OBJECT_CONVERSION = YES_AGGRESSIVE;
				CLANG_CXX_LANGUAGE_STANDARD = "gnu++14";
				CLANG_CXX_LIBRARY = "libc++";
				CLANG_ENABLE_MODULES = YES;
				CLANG_ENABLE_OBJC_ARC = YES;
				CLANG_WARN_BLOCK_CAPTURE_AUTORELEASING = YES;
				CLANG_WARN_BOOL_CONVERSION = YES;
				CLANG_WARN_COMMA = YES;
				CLANG_WARN_CONSTANT_CONVERSION = YES;
				CLANG_WARN_DIRECT_OBJC_ISA_USAGE = YES_ERROR;
				CLANG_WARN_DOCUMENTATION_COMMENTS = YES;
				CLANG_WARN_EMPTY_BODY = YES;
				CLANG_WARN_ENUM_CONVERSION = YES;
				CLANG_WARN_INFINITE_RECURSION = YES;
				CLANG_WARN_INT_CONVERSION = YES;
				CLANG_WARN_NON_LITERAL_NULL_CONVERSION = YES;
				CLANG_WARN_OBJC_LITERAL_CONVERSION = YES;
				CLANG_WARN_OBJC_ROOT_CLASS = YES_ERROR;
				CLANG_WARN_RANGE_LOOP_ANALYSIS = YES;
				CLANG_WARN_STRICT_PROTOTYPES = YES;
				CLANG_WARN_SUSPICIOUS_MOVE = YES;
				CLANG_WARN_UNGUARDED_AVAILABILITY = YES_AGGRESSIVE;
				CLANG_WARN_UNREACHABLE_CODE = YES;
				CLANG_WARN__DUPLICATE_METHOD_MATCH = YES;
				CODE_SIGN_IDENTITY = "iPhone Developer";
				COPY_PHASE_STRIP = NO;
				DEBUG_INFORMATION_FORMAT = dwarf;
				ENABLE_STRICT_OBJC_MSGSEND = YES;
				ENABLE_TESTABILITY = YES;
				GCC_C_LANGUAGE_STANDARD = gnu11;
				GCC_DYNAMIC_NO_PIC = NO;
				GCC_NO_COMMON_BLOCKS = YES;
				GCC_OPTIMIZATION_LEVEL = 0;
				GCC_PREPROCESSOR_DEFINITIONS = (
					"DEBUG=1",
					"$(inherited)",
				);
				GCC_WARN_64_TO_32_BIT_CONVERSION = YES;
				GCC_WARN_ABOUT_RETURN_TYPE = YES_ERROR;
				GCC_WARN_UNDECLARED_SELECTOR = YES;
				GCC_WARN_UNINITIALIZED_AUTOS = YES_AGGRESSIVE;
				GCC_WARN_UNUSED_FUNCTION = YES;
				GCC_WARN_UNUSED_VARIABLE = YES;
				IPHONEOS_DEPLOYMENT_TARGET = 11.2;
				MTL_ENABLE_DEBUG_INFO = YES;
				ONLY_ACTIVE_ARCH = YES;
				SDKROOT = iphoneos;
				SWIFT_ACTIVE_COMPILATION_CONDITIONS = DEBUG;
				SWIFT_OPTIMIZATION_LEVEL = "-Onone";
			};
			name = Debug;
		};
		6DEDFF18209AE3C000B3EC8F /* Release */ = {
			isa = XCBuildConfiguration;
			buildSettings = {
				ALWAYS_SEARCH_USER_PATHS = NO;
				CLANG_ANALYZER_NONNULL = YES;
				CLANG_ANALYZER_NUMBER_OBJECT_CONVERSION = YES_AGGRESSIVE;
				CLANG_CXX_LANGUAGE_STANDARD = "gnu++14";
				CLANG_CXX_LIBRARY = "libc++";
				CLANG_ENABLE_MODULES = YES;
				CLANG_ENABLE_OBJC_ARC = YES;
				CLANG_WARN_BLOCK_CAPTURE_AUTORELEASING = YES;
				CLANG_WARN_BOOL_CONVERSION = YES;
				CLANG_WARN_COMMA = YES;
				CLANG_WARN_CONSTANT_CONVERSION = YES;
				CLANG_WARN_DIRECT_OBJC_ISA_USAGE = YES_ERROR;
				CLANG_WARN_DOCUMENTATION_COMMENTS = YES;
				CLANG_WARN_EMPTY_BODY = YES;
				CLANG_WARN_ENUM_CONVERSION = YES;
				CLANG_WARN_INFINITE_RECURSION = YES;
				CLANG_WARN_INT_CONVERSION = YES;
				CLANG_WARN_NON_LITERAL_NULL_CONVERSION = YES;
				CLANG_WARN_OBJC_LITERAL_CONVERSION = YES;
				CLANG_WARN_OBJC_ROOT_CLASS = YES_ERROR;
				CLANG_WARN_RANGE_LOOP_ANALYSIS = YES;
				CLANG_WARN_STRICT_PROTOTYPES = YES;
				CLANG_WARN_SUSPICIOUS_MOVE = YES;
				CLANG_WARN_UNGUARDED_AVAILABILITY = YES_AGGRESSIVE;
				CLANG_WARN_UNREACHABLE_CODE = YES;
				CLANG_WARN__DUPLICATE_METHOD_MATCH = YES;
				CODE_SIGN_IDENTITY = "iPhone Developer";
				COPY_PHASE_STRIP = NO;
				DEBUG_INFORMATION_FORMAT = "dwarf-with-dsym";
				ENABLE_NS_ASSERTIONS = NO;
				ENABLE_STRICT_OBJC_MSGSEND = YES;
				GCC_C_LANGUAGE_STANDARD = gnu11;
				GCC_NO_COMMON_BLOCKS = YES;
				GCC_WARN_64_TO_32_BIT_CONVERSION = YES;
				GCC_WARN_ABOUT_RETURN_TYPE = YES_ERROR;
				GCC_WARN_UNDECLARED_SELECTOR = YES;
				GCC_WARN_UNINITIALIZED_AUTOS = YES_AGGRESSIVE;
				GCC_WARN_UNUSED_FUNCTION = YES;
				GCC_WARN_UNUSED_VARIABLE = YES;
				IPHONEOS_DEPLOYMENT_TARGET = 11.2;
				MTL_ENABLE_DEBUG_INFO = NO;
				SDKROOT = iphoneos;
				SWIFT_OPTIMIZATION_LEVEL = "-Owholemodule";
				VALIDATE_PRODUCT = YES;
			};
			name = Release;
		};
		6DEDFF1A209AE3C000B3EC8F /* Debug */ = {
			isa = XCBuildConfiguration;
			buildSettings = {
				ASSETCATALOG_COMPILER_APPICON_NAME = AppIcon;
				CODE_SIGN_STYLE = Automatic;
				DEVELOPMENT_TEAM = GA3LC47ZM3;
				INFOPLIST_FILE = Lec4/Info.plist;
				IPHONEOS_DEPLOYMENT_TARGET = 10.0;
				LD_RUNPATH_SEARCH_PATHS = "$(inherited) @executable_path/Frameworks";
				PRODUCT_BUNDLE_IDENTIFIER = edu.hackeru.Lec4;
				PRODUCT_NAME = "$(TARGET_NAME)";
				SWIFT_VERSION = 4.0;
				TARGETED_DEVICE_FAMILY = "1,2";
			};
			name = Debug;
		};
		6DEDFF1B209AE3C000B3EC8F /* Release */ = {
			isa = XCBuildConfiguration;
			buildSettings = {
				ASSETCATALOG_COMPILER_APPICON_NAME = AppIcon;
				CODE_SIGN_STYLE = Automatic;
				DEVELOPMENT_TEAM = GA3LC47ZM3;
				INFOPLIST_FILE = Lec4/Info.plist;
				IPHONEOS_DEPLOYMENT_TARGET = 10.0;
				LD_RUNPATH_SEARCH_PATHS = "$(inherited) @executable_path/Frameworks";
				PRODUCT_BUNDLE_IDENTIFIER = edu.hackeru.Lec4;
				PRODUCT_NAME = "$(TARGET_NAME)";
				SWIFT_VERSION = 4.0;
				TARGETED_DEVICE_FAMILY = "1,2";
			};
			name = Release;
		};
/* End XCBuildConfiguration section */

/* Begin XCConfigurationList section */
		6DEDFF02209AE3C000B3EC8F /* Build configuration list for PBXProject "Lec4" */ = {
			isa = XCConfigurationList;
			buildConfigurations = (
				6DEDFF17209AE3C000B3EC8F /* Debug */,
				6DEDFF18209AE3C000B3EC8F /* Release */,
			);
			defaultConfigurationIsVisible = 0;
			defaultConfigurationName = Release;
		};
		6DEDFF19209AE3C000B3EC8F /* Build configuration list for PBXNativeTarget "Lec4" */ = {
			isa = XCConfigurationList;
			buildConfigurations = (
				6DEDFF1A209AE3C000B3EC8F /* Debug */,
				6DEDFF1B209AE3C000B3EC8F /* Release */,
			);
			defaultConfigurationIsVisible = 0;
			defaultConfigurationName = Release;
		};
/* End XCConfigurationList section */
	};
	rootObject = 6DEDFEFF209AE3C000B3EC8F /* Project object */;
}
